
Microsoft Visual Studio Solution File, Format Version 12.00
# Visual Studio Version 16
VisualStudioVersion = 16.0.29728.190
MinimumVisualStudioVersion = 10.0.40219.1
Project("{FAE04EC0-301F-11D3-BF4B-00C04F79EFBC}") = "ApiCatalogos", "ApiCatalogos\ApiCatalogos.csproj", "{66E0A2F6-735C-4BD8-9CD9-8C140D0397E4}"
EndProject
Project("{FAE04EC0-301F-11D3-BF4B-00C04F79EFBC}") = "ClbDatCatalogos", "ClbDatCatalogos\ClbDatCatalogos.csproj", "{77642E1B-F44D-4C17-825A-31798DD50FB6}"
EndProject
Project("{FAE04EC0-301F-11D3-BF4B-00C04F79EFBC}") = "ClbModCatalogos", "ClbModCatalogos\ClbModCatalogos.csproj", "{201A70B1-752F-4F4A-B714-642DB01E117E}"
EndProject
Global
	GlobalSection(SolutionConfigurationPlatforms) = preSolution
		Debug|Any CPU = Debug|Any CPU
		Release|Any CPU = Release|Any CPU
	EndGlobalSection
	GlobalSection(ProjectConfigurationPlatforms) = postSolution
		{66E0A2F6-735C-4BD8-9CD9-8C140D0397E4}.Debug|Any CPU.ActiveCfg = Debug|Any CPU
		{66E0A2F6-735C-4BD8-9CD9-8C140D0397E4}.Debug|Any CPU.Build.0 = Debug|Any CPU
		{66E0A2F6-735C-4BD8-9CD9-8C140D0397E4}.Release|Any CPU.ActiveCfg = Release|Any CPU
		{66E0A2F6-735C-4BD8-9CD9-8C140D0397E4}.Release|Any CPU.Build.0 = Release|Any CPU
		{77642E1B-F44D-4C17-825A-31798DD50FB6}.Debug|Any CPU.ActiveCfg = Debug|Any CPU
		{77642E1B-F44D-4C17-825A-31798DD50FB6}.Debug|Any CPU.Build.0 = Debug|Any CPU
		{77642E1B-F44D-4C17-825A-31798DD50FB6}.Release|Any CPU.ActiveCfg = Release|Any CPU
		{77642E1B-F44D-4C17-825A-31798DD50FB6}.Release|Any CPU.Build.0 = Release|Any CPU
		{201A70B1-752F-4F4A-B714-642DB01E117E}.Debug|Any CPU.ActiveCfg = Debug|Any CPU
		{201A70B1-752F-4F4A-B714-642DB01E117E}.Debug|Any CPU.Build.0 = Debug|Any CPU
		{201A70B1-752F-4F4A-B714-642DB01E117E}.Release|Any CPU.ActiveCfg = Release|Any CPU
		{201A70B1-752F-4F4A-B714-642DB01E117E}.Release|Any CPU.Build.0 = Release|Any CPU
	EndGlobalSection
	GlobalSection(SolutionProperties) = preSolution
		HideSolutionNode = FALSE
	EndGlobalSection
	GlobalSection(ExtensibilityGlobals) = postSolution
		SolutionGuid = {6480637E-7672-4493-9D11-E3BAC870CEFF}
	EndGlobalSection
EndGlobal
